// !$*UTF8*$!
{
	archiveVersion = 1;
	classes = {
	};
	objectVersion = 50;
	objects = {

/* Begin PBXBuildFile section */
		7026E0BA2670E36900B52212 /* AppDelegate.swift in Sources */ = {isa = PBXBuildFile; fileRef = 7026E0B92670E36900B52212 /* AppDelegate.swift */; };
		7026E0BC2670E36900B52212 /* SceneDelegate.swift in Sources */ = {isa = PBXBuildFile; fileRef = 7026E0BB2670E36900B52212 /* SceneDelegate.swift */; };
		7026E0C12670E36900B52212 /* Main.storyboard in Resources */ = {isa = PBXBuildFile; fileRef = 7026E0BF2670E36900B52212 /* Main.storyboard */; };
		7026E0C42670E36900B52212 /* login.xcdatamodeld in Sources */ = {isa = PBXBuildFile; fileRef = 7026E0C22670E36900B52212 /* login.xcdatamodeld */; };
		7026E0C62670E36D00B52212 /* Assets.xcassets in Resources */ = {isa = PBXBuildFile; fileRef = 7026E0C52670E36D00B52212 /* Assets.xcassets */; };
		7026E0C92670E36D00B52212 /* LaunchScreen.storyboard in Resources */ = {isa = PBXBuildFile; fileRef = 7026E0C72670E36D00B52212 /* LaunchScreen.storyboard */; };
		7026E0D42670E36D00B52212 /* loginTests.swift in Sources */ = {isa = PBXBuildFile; fileRef = 7026E0D32670E36D00B52212 /* loginTests.swift */; };
		7026E0DF2670E36E00B52212 /* loginUITests.swift in Sources */ = {isa = PBXBuildFile; fileRef = 7026E0DE2670E36E00B52212 /* loginUITests.swift */; };
		7026E0F32670E3D400B52212 /* LoginVC.swift in Sources */ = {isa = PBXBuildFile; fileRef = 7026E0F22670E3D400B52212 /* LoginVC.swift */; };
		7026E0FA2670E76D00B52212 /* DTTextField.swift in Sources */ = {isa = PBXBuildFile; fileRef = 7026E0F92670E76D00B52212 /* DTTextField.swift */; };
		7026E0FF2670EB9500B52212 /* LoginViewModel.swift in Sources */ = {isa = PBXBuildFile; fileRef = 7026E0FE2670EB9500B52212 /* LoginViewModel.swift */; };
		7026E10E2670EE3F00B52212 /* Extension.swift in Sources */ = {isa = PBXBuildFile; fileRef = 7026E10D2670EE3F00B52212 /* Extension.swift */; };
/* End PBXBuildFile section */

/* Begin PBXContainerItemProxy section */
		7026E0D02670E36D00B52212 /* PBXContainerItemProxy */ = {
			isa = PBXContainerItemProxy;
			containerPortal = 7026E0AE2670E36900B52212 /* Project object */;
			proxyType = 1;
			remoteGlobalIDString = 7026E0B52670E36900B52212;
			remoteInfo = login;
		};
		7026E0DB2670E36D00B52212 /* PBXContainerItemProxy */ = {
			isa = PBXContainerItemProxy;
			containerPortal = 7026E0AE2670E36900B52212 /* Project object */;
			proxyType = 1;
			remoteGlobalIDString = 7026E0B52670E36900B52212;
			remoteInfo = login;
		};
/* End PBXContainerItemProxy section */

/* Begin PBXFileReference section */
		7026E0B62670E36900B52212 /* login.app */ = {isa = PBXFileReference; explicitFileType = wrapper.application; includeInIndex = 0; path = login.app; sourceTree = BUILT_PRODUCTS_DIR; };
		7026E0B92670E36900B52212 /* AppDelegate.swift */ = {isa = PBXFileReference; lastKnownFileType = sourcecode.swift; path = AppDelegate.swift; sourceTree = "<group>"; };
		7026E0BB2670E36900B52212 /* SceneDelegate.swift */ = {isa = PBXFileReference; lastKnownFileType = sourcecode.swift; path = SceneDelegate.swift; sourceTree = "<group>"; };
		7026E0C02670E36900B52212 /* Base */ = {isa = PBXFileReference; lastKnownFileType = file.storyboard; name = Base; path = Base.lproj/Main.storyboard; sourceTree = "<group>"; };
		7026E0C32670E36900B52212 /* login.xcdatamodel */ = {isa = PBXFileReference; lastKnownFileType = wrapper.xcdatamodel; path = login.xcdatamodel; sourceTree = "<group>"; };
		7026E0C52670E36D00B52212 /* Assets.xcassets */ = {isa = PBXFileReference; lastKnownFileType = folder.assetcatalog; path = Assets.xcassets; sourceTree = "<group>"; };
		7026E0C82670E36D00B52212 /* Base */ = {isa = PBXFileReference; lastKnownFileType = file.storyboard; name = Base; path = Base.lproj/LaunchScreen.storyboard; sourceTree = "<group>"; };
		7026E0CA2670E36D00B52212 /* Info.plist */ = {isa = PBXFileReference; lastKnownFileType = text.plist.xml; path = Info.plist; sourceTree = "<group>"; };
		7026E0CF2670E36D00B52212 /* loginTests.xctest */ = {isa = PBXFileReference; explicitFileType = wrapper.cfbundle; includeInIndex = 0; path = loginTests.xctest; sourceTree = BUILT_PRODUCTS_DIR; };
		7026E0D32670E36D00B52212 /* loginTests.swift */ = {isa = PBXFileReference; lastKnownFileType = sourcecode.swift; path = loginTests.swift; sourceTree = "<group>"; };
		7026E0D52670E36D00B52212 /* Info.plist */ = {isa = PBXFileReference; lastKnownFileType = text.plist.xml; path = Info.plist; sourceTree = "<group>"; };
		7026E0DA2670E36D00B52212 /* loginUITests.xctest */ = {isa = PBXFileReference; explicitFileType = wrapper.cfbundle; includeInIndex = 0; path = loginUITests.xctest; sourceTree = BUILT_PRODUCTS_DIR; };
		7026E0DE2670E36E00B52212 /* loginUITests.swift */ = {isa = PBXFileReference; lastKnownFileType = sourcecode.swift; path = loginUITests.swift; sourceTree = "<group>"; };
		7026E0E02670E36E00B52212 /* Info.plist */ = {isa = PBXFileReference; lastKnownFileType = text.plist.xml; path = Info.plist; sourceTree = "<group>"; };
		7026E0F22670E3D400B52212 /* LoginVC.swift */ = {isa = PBXFileReference; lastKnownFileType = sourcecode.swift; path = LoginVC.swift; sourceTree = "<group>"; };
		7026E0F92670E76D00B52212 /* DTTextField.swift */ = {isa = PBXFileReference; fileEncoding = 4; lastKnownFileType = sourcecode.swift; path = DTTextField.swift; sourceTree = "<group>"; };
		7026E0FE2670EB9500B52212 /* LoginViewModel.swift */ = {isa = PBXFileReference; lastKnownFileType = sourcecode.swift; path = LoginViewModel.swift; sourceTree = "<group>"; };
		7026E10D2670EE3F00B52212 /* Extension.swift */ = {isa = PBXFileReference; lastKnownFileType = sourcecode.swift; path = Extension.swift; sourceTree = "<group>"; };
/* End PBXFileReference section */

/* Begin PBXFrameworksBuildPhase section */
		7026E0B32670E36900B52212 /* Frameworks */ = {
			isa = PBXFrameworksBuildPhase;
			buildActionMask = 2147483647;
			files = (
			);
			runOnlyForDeploymentPostprocessing = 0;
		};
		7026E0CC2670E36D00B52212 /* Frameworks */ = {
			isa = PBXFrameworksBuildPhase;
			buildActionMask = 2147483647;
			files = (
			);
			runOnlyForDeploymentPostprocessing = 0;
		};
		7026E0D72670E36D00B52212 /* Frameworks */ = {
			isa = PBXFrameworksBuildPhase;
			buildActionMask = 2147483647;
			files = (
			);
			runOnlyForDeploymentPostprocessing = 0;
		};
/* End PBXFrameworksBuildPhase section */

/* Begin PBXGroup section */
		7026E0AD2670E36900B52212 = {
			isa = PBXGroup;
			children = (
				7026E0B82670E36900B52212 /* login */,
				7026E0D22670E36D00B52212 /* loginTests */,
				7026E0DD2670E36E00B52212 /* loginUITests */,
				7026E0B72670E36900B52212 /* Products */,
			);
			sourceTree = "<group>";
		};
		7026E0B72670E36900B52212 /* Products */ = {
			isa = PBXGroup;
			children = (
				7026E0B62670E36900B52212 /* login.app */,
				7026E0CF2670E36D00B52212 /* loginTests.xctest */,
				7026E0DA2670E36D00B52212 /* loginUITests.xctest */,
			);
			name = Products;
			sourceTree = "<group>";
		};
		7026E0B82670E36900B52212 /* login */ = {
			isa = PBXGroup;
			children = (
				7026E0B92670E36900B52212 /* AppDelegate.swift */,
				7026E0BB2670E36900B52212 /* SceneDelegate.swift */,
				7026E0F92670E76D00B52212 /* DTTextField.swift */,
				7026E0F22670E3D400B52212 /* LoginVC.swift */,
				7026E10D2670EE3F00B52212 /* Extension.swift */,
				7026E0FE2670EB9500B52212 /* LoginViewModel.swift */,
				7026E0BF2670E36900B52212 /* Main.storyboard */,
				7026E0C52670E36D00B52212 /* Assets.xcassets */,
				7026E0C72670E36D00B52212 /* LaunchScreen.storyboard */,
				7026E0CA2670E36D00B52212 /* Info.plist */,
				7026E0C22670E36900B52212 /* login.xcdatamodeld */,
			);
			path = login;
			sourceTree = "<group>";
		};
		7026E0D22670E36D00B52212 /* loginTests */ = {
			isa = PBXGroup;
			children = (
				7026E0D32670E36D00B52212 /* loginTests.swift */,
				7026E0D52670E36D00B52212 /* Info.plist */,
			);
			path = loginTests;
			sourceTree = "<group>";
		};
		7026E0DD2670E36E00B52212 /* loginUITests */ = {
			isa = PBXGroup;
			children = (
				7026E0DE2670E36E00B52212 /* loginUITests.swift */,
				7026E0E02670E36E00B52212 /* Info.plist */,
			);
			path = loginUITests;
			sourceTree = "<group>";
		};
/* End PBXGroup section */

/* Begin PBXNativeTarget section */
		7026E0B52670E36900B52212 /* login */ = {
			isa = PBXNativeTarget;
			buildConfigurationList = 7026E0E32670E36E00B52212 /* Build configuration list for PBXNativeTarget "login" */;
			buildPhases = (
				7026E0B22670E36900B52212 /* Sources */,
				7026E0B32670E36900B52212 /* Frameworks */,
				7026E0B42670E36900B52212 /* Resources */,
			);
			buildRules = (
			);
			dependencies = (
			);
			name = login;
			productName = login;
			productReference = 7026E0B62670E36900B52212 /* login.app */;
			productType = "com.apple.product-type.application";
		};
		7026E0CE2670E36D00B52212 /* loginTests */ = {
			isa = PBXNativeTarget;
			buildConfigurationList = 7026E0E62670E36E00B52212 /* Build configuration list for PBXNativeTarget "loginTests" */;
			buildPhases = (
				7026E0CB2670E36D00B52212 /* Sources */,
				7026E0CC2670E36D00B52212 /* Frameworks */,
				7026E0CD2670E36D00B52212 /* Resources */,
			);
			buildRules = (
			);
			dependencies = (
				7026E0D12670E36D00B52212 /* PBXTargetDependency */,
			);
			name = loginTests;
			productName = loginTests;
			productReference = 7026E0CF2670E36D00B52212 /* loginTests.xctest */;
			productType = "com.apple.product-type.bundle.unit-test";
		};
		7026E0D92670E36D00B52212 /* loginUITests */ = {
			isa = PBXNativeTarget;
			buildConfigurationList = 7026E0E92670E36E00B52212 /* Build configuration list for PBXNativeTarget "loginUITests" */;
			buildPhases = (
				7026E0D62670E36D00B52212 /* Sources */,
				7026E0D72670E36D00B52212 /* Frameworks */,
				7026E0D82670E36D00B52212 /* Resources */,
			);
			buildRules = (
			);
			dependencies = (
				7026E0DC2670E36D00B52212 /* PBXTargetDependency */,
			);
			name = loginUITests;
			productName = loginUITests;
			productReference = 7026E0DA2670E36D00B52212 /* loginUITests.xctest */;
			productType = "com.apple.product-type.bundle.ui-testing";
		};
/* End PBXNativeTarget section */

/* Begin PBXProject section */
		7026E0AE2670E36900B52212 /* Project object */ = {
			isa = PBXProject;
			attributes = {
				LastSwiftUpdateCheck = 1240;
				LastUpgradeCheck = 1240;
				TargetAttributes = {
					7026E0B52670E36900B52212 = {
						CreatedOnToolsVersion = 12.4;
					};
					7026E0CE2670E36D00B52212 = {
						CreatedOnToolsVersion = 12.4;
						TestTargetID = 7026E0B52670E36900B52212;
					};
					7026E0D92670E36D00B52212 = {
						CreatedOnToolsVersion = 12.4;
						TestTargetID = 7026E0B52670E36900B52212;
					};
				};
			};
			buildConfigurationList = 7026E0B12670E36900B52212 /* Build configuration list for PBXProject "login" */;
			compatibilityVersion = "Xcode 9.3";
			developmentRegion = en;
			hasScannedForEncodings = 0;
			knownRegions = (
				en,
				Base,
			);
			mainGroup = 7026E0AD2670E36900B52212;
			productRefGroup = 7026E0B72670E36900B52212 /* Products */;
			projectDirPath = "";
			projectRoot = "";
			targets = (
				7026E0B52670E36900B52212 /* login */,
				7026E0CE2670E36D00B52212 /* loginTests */,
				7026E0D92670E36D00B52212 /* loginUITests */,
			);
		};
/* End PBXProject section */

/* Begin PBXResourcesBuildPhase section */
		7026E0B42670E36900B52212 /* Resources */ = {
			isa = PBXResourcesBuildPhase;
			buildActionMask = 2147483647;
			files = (
				7026E0C92670E36D00B52212 /* LaunchScreen.storyboard in Resources */,
				7026E0C62670E36D00B52212 /* Assets.xcassets in Resources */,
				7026E0C12670E36900B52212 /* Main.storyboard in Resources */,
			);
			runOnlyForDeploymentPostprocessing = 0;
		};
		7026E0CD2670E36D00B52212 /* Resources */ = {
			isa = PBXResourcesBuildPhase;
			buildActionMask = 2147483647;
			files = (
			);
			runOnlyForDeploymentPostprocessing = 0;
		};
		7026E0D82670E36D00B52212 /* Resources */ = {
			isa = PBXResourcesBuildPhase;
			buildActionMask = 2147483647;
			files = (
			);
			runOnlyForDeploymentPostprocessing = 0;
		};
/* End PBXResourcesBuildPhase section */

/* Begin PBXSourcesBuildPhase section */
		7026E0B22670E36900B52212 /* Sources */ = {
			isa = PBXSourcesBuildPhase;
			buildActionMask = 2147483647;
			files = (
				7026E0BA2670E36900B52212 /* AppDelegate.swift in Sources */,
				7026E0BC2670E36900B52212 /* SceneDelegate.swift in Sources */,
				7026E10E2670EE3F00B52212 /* Extension.swift in Sources */,
				7026E0FF2670EB9500B52212 /* LoginViewModel.swift in Sources */,
				7026E0FA2670E76D00B52212 /* DTTextField.swift in Sources */,
				7026E0F32670E3D400B52212 /* LoginVC.swift in Sources */,
				7026E0C42670E36900B52212 /* login.xcdatamodeld in Sources */,
			);
			runOnlyForDeploymentPostprocessing = 0;
		};
		7026E0CB2670E36D00B52212 /* Sources */ = {
			isa = PBXSourcesBuildPhase;
			buildActionMask = 2147483647;
			files = (
				7026E0D42670E36D00B52212 /* loginTests.swift in Sources */,
			);
			runOnlyForDeploymentPostprocessing = 0;
		};
		7026E0D62670E36D00B52212 /* Sources */ = {
			isa = PBXSourcesBuildPhase;
			buildActionMask = 2147483647;
			files = (
				7026E0DF2670E36E00B52212 /* loginUITests.swift in Sources */,
			);
			runOnlyForDeploymentPostprocessing = 0;
		};
/* End PBXSourcesBuildPhase section */

/* Begin PBXTargetDependency section */
		7026E0D12670E36D00B52212 /* PBXTargetDependency */ = {
			isa = PBXTargetDependency;
			target = 7026E0B52670E36900B52212 /* login */;
			targetProxy = 7026E0D02670E36D00B52212 /* PBXContainerItemProxy */;
		};
		7026E0DC2670E36D00B52212 /* PBXTargetDependency */ = {
			isa = PBXTargetDependency;
			target = 7026E0B52670E36900B52212 /* login */;
			targetProxy = 7026E0DB2670E36D00B52212 /* PBXContainerItemProxy */;
		};
/* End PBXTargetDependency section */

/* Begin PBXVariantGroup section */
		7026E0BF2670E36900B52212 /* Main.storyboard */ = {
			isa = PBXVariantGroup;
			children = (
				7026E0C02670E36900B52212 /* Base */,
			);
			name = Main.storyboard;
			sourceTree = "<group>";
		};
		7026E0C72670E36D00B52212 /* LaunchScreen.storyboard */ = {
			isa = PBXVariantGroup;
			children = (
				7026E0C82670E36D00B52212 /* Base */,
			);
			name = LaunchScreen.storyboard;
			sourceTree = "<group>";
		};
/* End PBXVariantGroup section */

/* Begin XCBuildConfiguration section */
		7026E0E12670E36E00B52212 /* Debug */ = {
			isa = XCBuildConfiguration;
			buildSettings = {
				ALWAYS_SEARCH_USER_PATHS = NO;
				CLANG_ANALYZER_NONNULL = YES;
				CLANG_ANALYZER_NUMBER_OBJECT_CONVERSION = YES_AGGRESSIVE;
				CLANG_CXX_LANGUAGE_STANDARD = "gnu++14";
				CLANG_CXX_LIBRARY = "libc++";
				CLANG_ENABLE_MODULES = YES;
				CLANG_ENABLE_OBJC_ARC = YES;
				CLANG_ENABLE_OBJC_WEAK = YES;
				CLANG_WARN_BLOCK_CAPTURE_AUTORELEASING = YES;
				CLANG_WARN_BOOL_CONVERSION = YES;
				CLANG_WARN_COMMA = YES;
				CLANG_WARN_CONSTANT_CONVERSION = YES;
				CLANG_WARN_DEPRECATED_OBJC_IMPLEMENTATIONS = YES;
				CLANG_WARN_DIRECT_OBJC_ISA_USAGE = YES_ERROR;
				CLANG_WARN_DOCUMENTATION_COMMENTS = YES;
				CLANG_WARN_EMPTY_BODY = YES;
				CLANG_WARN_ENUM_CONVERSION = YES;
				CLANG_WARN_INFINITE_RECURSION = YES;
				CLANG_WARN_INT_CONVERSION = YES;
				CLANG_WARN_NON_LITERAL_NULL_CONVERSION = YES;
				CLANG_WARN_OBJC_IMPLICIT_RETAIN_SELF = YES;
				CLANG_WARN_OBJC_LITERAL_CONVERSION = YES;
				CLANG_WARN_OBJC_ROOT_CLASS = YES_ERROR;
				CLANG_WARN_QUOTED_INCLUDE_IN_FRAMEWORK_HEADER = YES;
				CLANG_WARN_RANGE_LOOP_ANALYSIS = YES;
				CLANG_WARN_STRICT_PROTOTYPES = YES;
				CLANG_WARN_SUSPICIOUS_MOVE = YES;
				CLANG_WARN_UNGUARDED_AVAILABILITY = YES_AGGRESSIVE;
				CLANG_WARN_UNREACHABLE_CODE = YES;
				CLANG_WARN__DUPLICATE_METHOD_MATCH = YES;
				COPY_PHASE_STRIP = NO;
				DEBUG_INFORMATION_FORMAT = dwarf;
				ENABLE_STRICT_OBJC_MSGSEND = YES;
				ENABLE_TESTABILITY = YES;
				GCC_C_LANGUAGE_STANDARD = gnu11;
				GCC_DYNAMIC_NO_PIC = NO;
				GCC_NO_COMMON_BLOCKS = YES;
				GCC_OPTIMIZATION_LEVEL = 0;
				GCC_PREPROCESSOR_DEFINITIONS = (
					"DEBUG=1",
					"$(inherited)",
				);
				GCC_WARN_64_TO_32_BIT_CONVERSION = YES;
				GCC_WARN_ABOUT_RETURN_TYPE = YES_ERROR;
				GCC_WARN_UNDECLARED_SELECTOR = YES;
				GCC_WARN_UNINITIALIZED_AUTOS = YES_AGGRESSIVE;
				GCC_WARN_UNUSED_FUNCTION = YES;
				GCC_WARN_UNUSED_VARIABLE = YES;
				IPHONEOS_DEPLOYMENT_TARGET = 14.4;
				MTL_ENABLE_DEBUG_INFO = INCLUDE_SOURCE;
				MTL_FAST_MATH = YES;
				ONLY_ACTIVE_ARCH = YES;
				SDKROOT = iphoneos;
				SWIFT_ACTIVE_COMPILATION_CONDITIONS = DEBUG;
				SWIFT_OPTIMIZATION_LEVEL = "-Onone";
			};
			name = Debug;
		};
		7026E0E22670E36E00B52212 /* Release */ = {
			isa = XCBuildConfiguration;
			buildSettings = {
				ALWAYS_SEARCH_USER_PATHS = NO;
				CLANG_ANALYZER_NONNULL = YES;
				CLANG_ANALYZER_NUMBER_OBJECT_CONVERSION = YES_AGGRESSIVE;
				CLANG_CXX_LANGUAGE_STANDARD = "gnu++14";
				CLANG_CXX_LIBRARY = "libc++";
				CLANG_ENABLE_MODULES = YES;
				CLANG_ENABLE_OBJC_ARC = YES;
				CLANG_ENABLE_OBJC_WEAK = YES;
				CLANG_WARN_BLOCK_CAPTURE_AUTORELEASING = YES;
				CLANG_WARN_BOOL_CONVERSION = YES;
				CLANG_WARN_COMMA = YES;
				CLANG_WARN_CONSTANT_CONVERSION = YES;
				CLANG_WARN_DEPRECATED_OBJC_IMPLEMENTATIONS = YES;
				CLANG_WARN_DIRECT_OBJC_ISA_USAGE = YES_ERROR;
				CLANG_WARN_DOCUMENTATION_COMMENTS = YES;
				CLANG_WARN_EMPTY_BODY = YES;
				CLANG_WARN_ENUM_CONVERSION = YES;
				CLANG_WARN_INFINITE_RECURSION = YES;
				CLANG_WARN_INT_CONVERSION = YES;
				CLANG_WARN_NON_LITERAL_NULL_CONVERSION = YES;
				CLANG_WARN_OBJC_IMPLICIT_RETAIN_SELF = YES;
				CLANG_WARN_OBJC_LITERAL_CONVERSION = YES;
				CLANG_WARN_OBJC_ROOT_CLASS = YES_ERROR;
				CLANG_WARN_QUOTED_INCLUDE_IN_FRAMEWORK_HEADER = YES;
				CLANG_WARN_RANGE_LOOP_ANALYSIS = YES;
				CLANG_WARN_STRICT_PROTOTYPES = YES;
				CLANG_WARN_SUSPICIOUS_MOVE = YES;
				CLANG_WARN_UNGUARDED_AVAILABILITY = YES_AGGRESSIVE;
				CLANG_WARN_UNREACHABLE_CODE = YES;
				CLANG_WARN__DUPLICATE_METHOD_MATCH = YES;
				COPY_PHASE_STRIP = NO;
				DEBUG_INFORMATION_FORMAT = "dwarf-with-dsym";
				ENABLE_NS_ASSERTIONS = NO;
				ENABLE_STRICT_OBJC_MSGSEND = YES;
				GCC_C_LANGUAGE_STANDARD = gnu11;
				GCC_NO_COMMON_BLOCKS = YES;
				GCC_WARN_64_TO_32_BIT_CONVERSION = YES;
				GCC_WARN_ABOUT_RETURN_TYPE = YES_ERROR;
				GCC_WARN_UNDECLARED_SELECTOR = YES;
				GCC_WARN_UNINITIALIZED_AUTOS = YES_AGGRESSIVE;
				GCC_WARN_UNUSED_FUNCTION = YES;
				GCC_WARN_UNUSED_VARIABLE = YES;
				IPHONEOS_DEPLOYMENT_TARGET = 14.4;
				MTL_ENABLE_DEBUG_INFO = NO;
				MTL_FAST_MATH = YES;
				SDKROOT = iphoneos;
				SWIFT_COMPILATION_MODE = wholemodule;
				SWIFT_OPTIMIZATION_LEVEL = "-O";
				VALIDATE_PRODUCT = YES;
			};
			name = Release;
		};
		7026E0E42670E36E00B52212 /* Debug */ = {
			isa = XCBuildConfiguration;
			buildSettings = {
				ASSETCATALOG_COMPILER_APPICON_NAME = AppIcon;
				ASSETCATALOG_COMPILER_GLOBAL_ACCENT_COLOR_NAME = AccentColor;
				CODE_SIGN_STYLE = Automatic;
				INFOPLIST_FILE = login/Info.plist;
				LD_RUNPATH_SEARCH_PATHS = (
					"$(inherited)",
					"@executable_path/Frameworks",
				);
				PRODUCT_BUNDLE_IDENTIFIER = com.demo.login;
				PRODUCT_NAME = "$(TARGET_NAME)";
				SWIFT_VERSION = 5.0;
				TARGETED_DEVICE_FAMILY = "1,2";
			};
			name = Debug;
		};
		7026E0E52670E36E00B52212 /* Release */ = {
			isa = XCBuildConfiguration;
			buildSettings = {
				ASSETCATALOG_COMPILER_APPICON_NAME = AppIcon;
				ASSETCATALOG_COMPILER_GLOBAL_ACCENT_COLOR_NAME = AccentColor;
				CODE_SIGN_STYLE = Automatic;
				INFOPLIST_FILE = login/Info.plist;
				LD_RUNPATH_SEARCH_PATHS = (
					"$(inherited)",
					"@executable_path/Frameworks",
				);
				PRODUCT_BUNDLE_IDENTIFIER = com.demo.login;
				PRODUCT_NAME = "$(TARGET_NAME)";
				SWIFT_VERSION = 5.0;
				TARGETED_DEVICE_FAMILY = "1,2";
			};
			name = Release;
		};
		7026E0E72670E36E00B52212 /* Debug */ = {
			isa = XCBuildConfiguration;
			buildSettings = {
				ALWAYS_EMBED_SWIFT_STANDARD_LIBRARIES = YES;
				BUNDLE_LOADER = "$(TEST_HOST)";
				CODE_SIGN_STYLE = Automatic;
				INFOPLIST_FILE = loginTests/Info.plist;
				IPHONEOS_DEPLOYMENT_TARGET = 14.4;
				LD_RUNPATH_SEARCH_PATHS = (
					"$(inherited)",
					"@executable_path/Frameworks",
					"@loader_path/Frameworks",
				);
				PRODUCT_BUNDLE_IDENTIFIER = com.demo.loginTests;
				PRODUCT_NAME = "$(TARGET_NAME)";
				SWIFT_VERSION = 5.0;
				TARGETED_DEVICE_FAMILY = "1,2";
				TEST_HOST = "$(BUILT_PRODUCTS_DIR)/login.app/login";
			};
			name = Debug;
		};
		7026E0E82670E36E00B52212 /* Release */ = {
			isa = XCBuildConfiguration;
			buildSettings = {
				ALWAYS_EMBED_SWIFT_STANDARD_LIBRARIES = YES;
				BUNDLE_LOADER = "$(TEST_HOST)";
				CODE_SIGN_STYLE = Automatic;
				INFOPLIST_FILE = loginTests/Info.plist;
				IPHONEOS_DEPLOYMENT_TARGET = 14.4;
				LD_RUNPATH_SEARCH_PATHS = (
					"$(inherited)",
					"@executable_path/Frameworks",
					"@loader_path/Frameworks",
				);
				PRODUCT_BUNDLE_IDENTIFIER = com.demo.loginTests;
				PRODUCT_NAME = "$(TARGET_NAME)";
				SWIFT_VERSION = 5.0;
				TARGETED_DEVICE_FAMILY = "1,2";
				TEST_HOST = "$(BUILT_PRODUCTS_DIR)/login.app/login";
			};
			name = Release;
		};
		7026E0EA2670E36E00B52212 /* Debug */ = {
			isa = XCBuildConfiguration;
			buildSettings = {
				ALWAYS_EMBED_SWIFT_STANDARD_LIBRARIES = YES;
				CODE_SIGN_STYLE = Automatic;
				INFOPLIST_FILE = loginUITests/Info.plist;
				LD_RUNPATH_SEARCH_PATHS = (
					"$(inherited)",
					"@executable_path/Frameworks",
					"@loader_path/Frameworks",
				);
				PRODUCT_BUNDLE_IDENTIFIER = com.demo.loginUITests;
				PRODUCT_NAME = "$(TARGET_NAME)";
				SWIFT_VERSION = 5.0;
				TARGETED_DEVICE_FAMILY = "1,2";
				TEST_TARGET_NAME = login;
			};
			name = Debug;
		};
		7026E0EB2670E36E00B52212 /* Release */ = {
			isa = XCBuildConfiguration;
			buildSettings = {
				ALWAYS_EMBED_SWIFT_STANDARD_LIBRARIES = YES;
				CODE_SIGN_STYLE = Automatic;
				INFOPLIST_FILE = loginUITests/Info.plist;
				LD_RUNPATH_SEARCH_PATHS = (
					"$(inherited)",
					"@executable_path/Frameworks",
					"@loader_path/Frameworks",
				);
				PRODUCT_BUNDLE_IDENTIFIER = com.demo.loginUITests;
				PRODUCT_NAME = "$(TARGET_NAME)";
				SWIFT_VERSION = 5.0;
				TARGETED_DEVICE_FAMILY = "1,2";
				TEST_TARGET_NAME = login;
			};
			name = Release;
		};
/* End XCBuildConfiguration section */

/* Begin XCConfigurationList section */
		7026E0B12670E36900B52212 /* Build configuration list for PBXProject "login" */ = {
			isa = XCConfigurationList;
			buildConfigurations = (
				7026E0E12670E36E00B52212 /* Debug */,
				7026E0E22670E36E00B52212 /* Release */,
			);
			defaultConfigurationIsVisible = 0;
			defaultConfigurationName = Release;
		};
		7026E0E32670E36E00B52212 /* Build configuration list for PBXNativeTarget "login" */ = {
			isa = XCConfigurationList;
			buildConfigurations = (
				7026E0E42670E36E00B52212 /* Debug */,
				7026E0E52670E36E00B52212 /* Release */,
			);
			defaultConfigurationIsVisible = 0;
			defaultConfigurationName = Release;
		};
		7026E0E62670E36E00B52212 /* Build configuration list for PBXNativeTarget "loginTests" */ = {
			isa = XCConfigurationList;
			buildConfigurations = (
				7026E0E72670E36E00B52212 /* Debug */,
				7026E0E82670E36E00B52212 /* Release */,
			);
			defaultConfigurationIsVisible = 0;
			defaultConfigurationName = Release;
		};
		7026E0E92670E36E00B52212 /* Build configuration list for PBXNativeTarget "loginUITests" */ = {
			isa = XCConfigurationList;
			buildConfigurations = (
				7026E0EA2670E36E00B52212 /* Debug */,
				7026E0EB2670E36E00B52212 /* Release */,
			);
			defaultConfigurationIsVisible = 0;
			defaultConfigurationName = Release;
		};
/* End XCConfigurationList section */

/* Begin XCVersionGroup section */
		7026E0C22670E36900B52212 /* login.xcdatamodeld */ = {
			isa = XCVersionGroup;
			children = (
				7026E0C32670E36900B52212 /* login.xcdatamodel */,
			);
			currentVersion = 7026E0C32670E36900B52212 /* login.xcdatamodel */;
			path = login.xcdatamodeld;
			sourceTree = "<group>";
			versionGroupType = wrapper.xcdatamodel;
		};
/* End XCVersionGroup section */
	};
	rootObject = 7026E0AE2670E36900B52212 /* Project object */;
}
